
Microsoft Visual Studio Solution File, Format Version 12.00
# Visual Studio Version 17
VisualStudioVersion = 17.5.33502.453
MinimumVisualStudioVersion = 10.0.40219.1
Project("{FAE04EC0-301F-11D3-BF4B-00C04F79EFBC}") = "RedisCache", "RedisCache\RedisCache.csproj", "{9EE1491F-C3C7-409B-8FD6-03B064B0F025}"
EndProject
Global
	GlobalSection(SolutionConfigurationPlatforms) = preSolution
		Debug|Any CPU = Debug|Any CPU
		Release|Any CPU = Release|Any CPU
	EndGlobalSection
	GlobalSection(ProjectConfigurationPlatforms) = postSolution
		{9EE1491F-C3C7-409B-8FD6-03B064B0F025}.Debug|Any CPU.ActiveCfg = Debug|Any CPU
		{9EE1491F-C3C7-409B-8FD6-03B064B0F025}.Debug|Any CPU.Build.0 = Debug|Any CPU
		{9EE1491F-C3C7-409B-8FD6-03B064B0F025}.Release|Any CPU.ActiveCfg = Release|Any CPU
		{9EE1491F-C3C7-409B-8FD6-03B064B0F025}.Release|Any CPU.Build.0 = Release|Any CPU
	EndGlobalSection
	GlobalSection(SolutionProperties) = preSolution
		HideSolutionNode = FALSE
	EndGlobalSection
	GlobalSection(ExtensibilityGlobals) = postSolution
		SolutionGuid = {54798643-CEE9-46A5-BC68-C68751CD322D}
	EndGlobalSection
EndGlobal
